
Microsoft Visual Studio Solution File, Format Version 12.00
# Visual Studio Version 16
VisualStudioVersion = 16.0.30709.132
MinimumVisualStudioVersion = 10.0.40219.1
Project("{FAE04EC0-301F-11D3-BF4B-00C04F79EFBC}") = "mediaregister", "mediaregister\mediaregister.csproj", "{3DC45BC8-3616-43EA-BE47-A1A9FE556CE6}"
EndProject
Global
	GlobalSection(SolutionConfigurationPlatforms) = preSolution
		Debug|Any CPU = Debug|Any CPU
		Release|Any CPU = Release|Any CPU
	EndGlobalSection
	GlobalSection(ProjectConfigurationPlatforms) = postSolution
		{3DC45BC8-3616-43EA-BE47-A1A9FE556CE6}.Debug|Any CPU.ActiveCfg = Debug|Any CPU
		{3DC45BC8-3616-43EA-BE47-A1A9FE556CE6}.Debug|Any CPU.Build.0 = Debug|Any CPU
		{3DC45BC8-3616-43EA-BE47-A1A9FE556CE6}.Release|Any CPU.ActiveCfg = Release|Any CPU
		{3DC45BC8-3616-43EA-BE47-A1A9FE556CE6}.Release|Any CPU.Build.0 = Release|Any CPU
	EndGlobalSection
	GlobalSection(SolutionProperties) = preSolution
		HideSolutionNode = FALSE
	EndGlobalSection
	GlobalSection(ExtensibilityGlobals) = postSolution
		SolutionGuid = {2E043419-B6A2-438C-A14C-1548500AA100}
	EndGlobalSection
EndGlobal
